
Microsoft Visual Studio Solution File, Format Version 12.00
# Visual Studio Version 16
VisualStudioVersion = 16.0.31019.35
MinimumVisualStudioVersion = 10.0.40219.1
Project("{FAE04EC0-301F-11D3-BF4B-00C04F79EFBC}") = "Remote.Service", "Remote.Service\Remote.Service.csproj", "{F788ACAA-E74A-47E9-80AB-E14844EEA3FA}"
EndProject
Project("{FAE04EC0-301F-11D3-BF4B-00C04F79EFBC}") = "Remote.Worker", "Remote.Worker\Remote.Worker.csproj", "{C78C2F4E-4C9A-4C21-970E-AF80FD282CAD}"
EndProject
Project("{FAE04EC0-301F-11D3-BF4B-00C04F79EFBC}") = "Remote.CommandLine", "Remote.CommandLine\Remote.CommandLine.csproj", "{ABE41842-8391-4718-899C-C7757A214D72}"
EndProject
Global
	GlobalSection(SolutionConfigurationPlatforms) = preSolution
		Debug|Any CPU = Debug|Any CPU
		Release|Any CPU = Release|Any CPU
	EndGlobalSection
	GlobalSection(ProjectConfigurationPlatforms) = postSolution
		{F788ACAA-E74A-47E9-80AB-E14844EEA3FA}.Debug|Any CPU.ActiveCfg = Debug|Any CPU
		{F788ACAA-E74A-47E9-80AB-E14844EEA3FA}.Debug|Any CPU.Build.0 = Debug|Any CPU
		{F788ACAA-E74A-47E9-80AB-E14844EEA3FA}.Release|Any CPU.ActiveCfg = Release|Any CPU
		{F788ACAA-E74A-47E9-80AB-E14844EEA3FA}.Release|Any CPU.Build.0 = Release|Any CPU
		{C78C2F4E-4C9A-4C21-970E-AF80FD282CAD}.Debug|Any CPU.ActiveCfg = Debug|Any CPU
		{C78C2F4E-4C9A-4C21-970E-AF80FD282CAD}.Debug|Any CPU.Build.0 = Debug|Any CPU
		{C78C2F4E-4C9A-4C21-970E-AF80FD282CAD}.Release|Any CPU.ActiveCfg = Release|Any CPU
		{C78C2F4E-4C9A-4C21-970E-AF80FD282CAD}.Release|Any CPU.Build.0 = Release|Any CPU
		{ABE41842-8391-4718-899C-C7757A214D72}.Debug|Any CPU.ActiveCfg = Debug|Any CPU
		{ABE41842-8391-4718-899C-C7757A214D72}.Debug|Any CPU.Build.0 = Debug|Any CPU
		{ABE41842-8391-4718-899C-C7757A214D72}.Release|Any CPU.ActiveCfg = Release|Any CPU
		{ABE41842-8391-4718-899C-C7757A214D72}.Release|Any CPU.Build.0 = Release|Any CPU
	EndGlobalSection
	GlobalSection(SolutionProperties) = preSolution
		HideSolutionNode = FALSE
	EndGlobalSection
	GlobalSection(ExtensibilityGlobals) = postSolution
		SolutionGuid = {5E537A43-B3DA-46E3-96A8-C07A22CE8446}
	EndGlobalSection
EndGlobal
